{
  "name": "dark-fighter",
  "version": "0.1.0",
  "lockfileVersion": 3,
  "requires": true,
  "packages": {
    "": {
      "name": "dark-fighter",
      "version": "0.1.0",
      "devDependencies": {
        "romdev-toolchain-cc65": "0.1.3"
      },
      "engines": {
        "node": ">=24"
      }
    },
    "node_modules/romdev-toolchain-cc65": {
      "version": "0.1.3",
      "resolved": "https://registry.npmjs.org/romdev-toolchain-cc65/-/romdev-toolchain-cc65-0.1.3.tgz",
      "integrity": "sha512-TQ2GF+OCHCuQV09jaU4g2afqoDbbLXZy0Hj2WnWYKAi8E6JHGtqxFn1g4CW0Xda/Vr11wsqbIrBi7t/T3w2ioQ==",
      "dev": true,
      "license": "Zlib",
      "engines": {
        "node": ">=24"
      }
    }
  }
}
